
Microsoft Visual Studio Solution File, Format Version 12.00
# Visual Studio 15
VisualStudioVersion = 15.0.28307.1000
MinimumVisualStudioVersion = 10.0.40219.1
Project("{FAE04EC0-301F-11D3-BF4B-00C04F79EFBC}") = "MasterChefApp.Android", "MasterChefApp\MasterChefApp.Android\MasterChefApp.Android.csproj", "{887DFF7E-2205-48D0-B717-2C66E20BAE21}"
EndProject
Project("{FAE04EC0-301F-11D3-BF4B-00C04F79EFBC}") = "MasterChefApp.iOS", "MasterChefApp\MasterChefApp.iOS\MasterChefApp.iOS.csproj", "{E3B336C2-7C5C-4884-B96C-58B29B65FB68}"
EndProject
Project("{9A19103F-16F7-4668-BE54-9A1E7A4F7556}") = "MasterChefApp", "MasterChefApp\MasterChefApp\MasterChefApp.csproj", "{2B6A96E3-4FF3-41F6-BB64-5A7529EF8B3D}"
EndProject
Project("{9A19103F-16F7-4668-BE54-9A1E7A4F7556}") = "Viewmodel", "Viewmodel\Viewmodel.csproj", "{50DADE31-CA86-4892-BFB1-0AC7F1D13375}"
EndProject
Project("{9A19103F-16F7-4668-BE54-9A1E7A4F7556}") = "Model", "Model\Model.csproj", "{0BB4CFB6-6379-4D9C-93EC-C160389B4241}"
EndProject
Project("{FAE04EC0-301F-11D3-BF4B-00C04F79EFBC}") = "Service", "Service\Service.csproj", "{4229E974-EA3F-43EC-B40B-079546862D47}"
EndProject
Project("{FAE04EC0-301F-11D3-BF4B-00C04F79EFBC}") = "Global", "Global\Global.csproj", "{84574381-4801-4EC6-AAFA-1A70563AF5BA}"
EndProject
Global
	GlobalSection(SolutionConfigurationPlatforms) = preSolution
		Ad-Hoc|Any CPU = Ad-Hoc|Any CPU
		Ad-Hoc|iPhone = Ad-Hoc|iPhone
		Ad-Hoc|iPhoneSimulator = Ad-Hoc|iPhoneSimulator
		AppStore|Any CPU = AppStore|Any CPU
		AppStore|iPhone = AppStore|iPhone
		AppStore|iPhoneSimulator = AppStore|iPhoneSimulator
		Debug|Any CPU = Debug|Any CPU
		Debug|iPhone = Debug|iPhone
		Debug|iPhoneSimulator = Debug|iPhoneSimulator
		Release|Any CPU = Release|Any CPU
		Release|iPhone = Release|iPhone
		Release|iPhoneSimulator = Release|iPhoneSimulator
	EndGlobalSection
	GlobalSection(ProjectConfigurationPlatforms) = postSolution
		{887DFF7E-2205-48D0-B717-2C66E20BAE21}.Ad-Hoc|Any CPU.ActiveCfg = Release|Any CPU
		{887DFF7E-2205-48D0-B717-2C66E20BAE21}.Ad-Hoc|Any CPU.Build.0 = Release|Any CPU
		{887DFF7E-2205-48D0-B717-2C66E20BAE21}.Ad-Hoc|Any CPU.Deploy.0 = Release|Any CPU
		{887DFF7E-2205-48D0-B717-2C66E20BAE21}.Ad-Hoc|iPhone.ActiveCfg = Release|Any CPU
		{887DFF7E-2205-48D0-B717-2C66E20BAE21}.Ad-Hoc|iPhone.Build.0 = Release|Any CPU
		{887DFF7E-2205-48D0-B717-2C66E20BAE21}.Ad-Hoc|iPhone.Deploy.0 = Release|Any CPU
		{887DFF7E-2205-48D0-B717-2C66E20BAE21}.Ad-Hoc|iPhoneSimulator.ActiveCfg = Release|Any CPU
		{887DFF7E-2205-48D0-B717-2C66E20BAE21}.Ad-Hoc|iPhoneSimulator.Build.0 = Release|Any CPU
		{887DFF7E-2205-48D0-B717-2C66E20BAE21}.Ad-Hoc|iPhoneSimulator.Deploy.0 = Release|Any CPU
		{887DFF7E-2205-48D0-B717-2C66E20BAE21}.AppStore|Any CPU.ActiveCfg = Release|Any CPU
		{887DFF7E-2205-48D0-B717-2C66E20BAE21}.AppStore|Any CPU.Build.0 = Release|Any CPU
		{887DFF7E-2205-48D0-B717-2C66E20BAE21}.AppStore|Any CPU.Deploy.0 = Release|Any CPU
		{887DFF7E-2205-48D0-B717-2C66E20BAE21}.AppStore|iPhone.ActiveCfg = Release|Any CPU
		{887DFF7E-2205-48D0-B717-2C66E20BAE21}.AppStore|iPhone.Build.0 = Release|Any CPU
		{887DFF7E-2205-48D0-B717-2C66E20BAE21}.AppStore|iPhone.Deploy.0 = Release|Any CPU
		{887DFF7E-2205-48D0-B717-2C66E20BAE21}.AppStore|iPhoneSimulator.ActiveCfg = Release|Any CPU
		{887DFF7E-2205-48D0-B717-2C66E20BAE21}.AppStore|iPhoneSimulator.Build.0 = Release|Any CPU
		{887DFF7E-2205-48D0-B717-2C66E20BAE21}.AppStore|iPhoneSimulator.Deploy.0 = Release|Any CPU
		{887DFF7E-2205-48D0-B717-2C66E20BAE21}.Debug|Any CPU.ActiveCfg = Debug|Any CPU
		{887DFF7E-2205-48D0-B717-2C66E20BAE21}.Debug|Any CPU.Build.0 = Debug|Any CPU
		{887DFF7E-2205-48D0-B717-2C66E20BAE21}.Debug|Any CPU.Deploy.0 = Debug|Any CPU
		{887DFF7E-2205-48D0-B717-2C66E20BAE21}.Debug|iPhone.ActiveCfg = Debug|Any CPU
		{887DFF7E-2205-48D0-B717-2C66E20BAE21}.Debug|iPhone.Build.0 = Debug|Any CPU
		{887DFF7E-2205-48D0-B717-2C66E20BAE21}.Debug|iPhone.Deploy.0 = Debug|Any CPU
		{887DFF7E-2205-48D0-B717-2C66E20BAE21}.Debug|iPhoneSimulator.ActiveCfg = Debug|Any CPU
		{887DFF7E-2205-48D0-B717-2C66E20BAE21}.Debug|iPhoneSimulator.Build.0 = Debug|Any CPU
		{887DFF7E-2205-48D0-B717-2C66E20BAE21}.Debug|iPhoneSimulator.Deploy.0 = Debug|Any CPU
		{887DFF7E-2205-48D0-B717-2C66E20BAE21}.Release|Any CPU.ActiveCfg = Release|Any CPU
		{887DFF7E-2205-48D0-B717-2C66E20BAE21}.Release|Any CPU.Build.0 = Release|Any CPU
		{887DFF7E-2205-48D0-B717-2C66E20BAE21}.Release|Any CPU.Deploy.0 = Release|Any CPU
		{887DFF7E-2205-48D0-B717-2C66E20BAE21}.Release|iPhone.ActiveCfg = Release|Any CPU
		{887DFF7E-2205-48D0-B717-2C66E20BAE21}.Release|iPhone.Build.0 = Release|Any CPU
		{887DFF7E-2205-48D0-B717-2C66E20BAE21}.Release|iPhone.Deploy.0 = Release|Any CPU
		{887DFF7E-2205-48D0-B717-2C66E20BAE21}.Release|iPhoneSimulator.ActiveCfg = Release|Any CPU
		{887DFF7E-2205-48D0-B717-2C66E20BAE21}.Release|iPhoneSimulator.Build.0 = Release|Any CPU
		{887DFF7E-2205-48D0-B717-2C66E20BAE21}.Release|iPhoneSimulator.Deploy.0 = Release|Any CPU
		{E3B336C2-7C5C-4884-B96C-58B29B65FB68}.Ad-Hoc|Any CPU.ActiveCfg = Ad-Hoc|iPhone
		{E3B336C2-7C5C-4884-B96C-58B29B65FB68}.Ad-Hoc|Any CPU.Build.0 = Ad-Hoc|iPhone
		{E3B336C2-7C5C-4884-B96C-58B29B65FB68}.Ad-Hoc|Any CPU.Deploy.0 = Ad-Hoc|iPhone
		{E3B336C2-7C5C-4884-B96C-58B29B65FB68}.Ad-Hoc|iPhone.ActiveCfg = Ad-Hoc|iPhone
		{E3B336C2-7C5C-4884-B96C-58B29B65FB68}.Ad-Hoc|iPhone.Build.0 = Ad-Hoc|iPhone
		{E3B336C2-7C5C-4884-B96C-58B29B65FB68}.Ad-Hoc|iPhone.Deploy.0 = Ad-Hoc|iPhone
		{E3B336C2-7C5C-4884-B96C-58B29B65FB68}.Ad-Hoc|iPhoneSimulator.ActiveCfg = Ad-Hoc|iPhoneSimulator
		{E3B336C2-7C5C-4884-B96C-58B29B65FB68}.Ad-Hoc|iPhoneSimulator.Build.0 = Ad-Hoc|iPhoneSimulator
		{E3B336C2-7C5C-4884-B96C-58B29B65FB68}.Ad-Hoc|iPhoneSimulator.Deploy.0 = Ad-Hoc|iPhoneSimulator
		{E3B336C2-7C5C-4884-B96C-58B29B65FB68}.AppStore|Any CPU.ActiveCfg = AppStore|iPhone
		{E3B336C2-7C5C-4884-B96C-58B29B65FB68}.AppStore|Any CPU.Build.0 = AppStore|iPhone
		{E3B336C2-7C5C-4884-B96C-58B29B65FB68}.AppStore|Any CPU.Deploy.0 = AppStore|iPhone
		{E3B336C2-7C5C-4884-B96C-58B29B65FB68}.AppStore|iPhone.ActiveCfg = AppStore|iPhone
		{E3B336C2-7C5C-4884-B96C-58B29B65FB68}.AppStore|iPhone.Build.0 = AppStore|iPhone
		{E3B336C2-7C5C-4884-B96C-58B29B65FB68}.AppStore|iPhone.Deploy.0 = AppStore|iPhone
		{E3B336C2-7C5C-4884-B96C-58B29B65FB68}.AppStore|iPhoneSimulator.ActiveCfg = AppStore|iPhoneSimulator
		{E3B336C2-7C5C-4884-B96C-58B29B65FB68}.AppStore|iPhoneSimulator.Build.0 = AppStore|iPhoneSimulator
		{E3B336C2-7C5C-4884-B96C-58B29B65FB68}.AppStore|iPhoneSimulator.Deploy.0 = AppStore|iPhoneSimulator
		{E3B336C2-7C5C-4884-B96C-58B29B65FB68}.Debug|Any CPU.ActiveCfg = Debug|iPhoneSimulator
		{E3B336C2-7C5C-4884-B96C-58B29B65FB68}.Debug|Any CPU.Build.0 = Debug|iPhoneSimulator
		{E3B336C2-7C5C-4884-B96C-58B29B65FB68}.Debug|Any CPU.Deploy.0 = Debug|iPhoneSimulator
		{E3B336C2-7C5C-4884-B96C-58B29B65FB68}.Debug|iPhone.ActiveCfg = Debug|iPhone
		{E3B336C2-7C5C-4884-B96C-58B29B65FB68}.Debug|iPhone.Build.0 = Debug|iPhone
		{E3B336C2-7C5C-4884-B96C-58B29B65FB68}.Debug|iPhone.Deploy.0 = Debug|iPhone
		{E3B336C2-7C5C-4884-B96C-58B29B65FB68}.Debug|iPhoneSimulator.ActiveCfg = Debug|iPhoneSimulator
		{E3B336C2-7C5C-4884-B96C-58B29B65FB68}.Debug|iPhoneSimulator.Build.0 = Debug|iPhoneSimulator
		{E3B336C2-7C5C-4884-B96C-58B29B65FB68}.Debug|iPhoneSimulator.Deploy.0 = Debug|iPhoneSimulator
		{E3B336C2-7C5C-4884-B96C-58B29B65FB68}.Release|Any CPU.ActiveCfg = Release|iPhone
		{E3B336C2-7C5C-4884-B96C-58B29B65FB68}.Release|Any CPU.Build.0 = Release|iPhone
		{E3B336C2-7C5C-4884-B96C-58B29B65FB68}.Release|Any CPU.Deploy.0 = Release|iPhone
		{E3B336C2-7C5C-4884-B96C-58B29B65FB68}.Release|iPhone.ActiveCfg = Release|iPhone
		{E3B336C2-7C5C-4884-B96C-58B29B65FB68}.Release|iPhone.Build.0 = Release|iPhone
		{E3B336C2-7C5C-4884-B96C-58B29B65FB68}.Release|iPhone.Deploy.0 = Release|iPhone
		{E3B336C2-7C5C-4884-B96C-58B29B65FB68}.Release|iPhoneSimulator.ActiveCfg = Release|iPhoneSimulator
		{E3B336C2-7C5C-4884-B96C-58B29B65FB68}.Release|iPhoneSimulator.Build.0 = Release|iPhoneSimulator
		{E3B336C2-7C5C-4884-B96C-58B29B65FB68}.Release|iPhoneSimulator.Deploy.0 = Release|iPhoneSimulator
		{2B6A96E3-4FF3-41F6-BB64-5A7529EF8B3D}.Ad-Hoc|Any CPU.ActiveCfg = Debug|Any CPU
		{2B6A96E3-4FF3-41F6-BB64-5A7529EF8B3D}.Ad-Hoc|Any CPU.Build.0 = Debug|Any CPU
		{2B6A96E3-4FF3-41F6-BB64-5A7529EF8B3D}.Ad-Hoc|Any CPU.Deploy.0 = Debug|Any CPU
		{2B6A96E3-4FF3-41F6-BB64-5A7529EF8B3D}.Ad-Hoc|iPhone.ActiveCfg = Debug|Any CPU
		{2B6A96E3-4FF3-41F6-BB64-5A7529EF8B3D}.Ad-Hoc|iPhone.Build.0 = Debug|Any CPU
		{2B6A96E3-4FF3-41F6-BB64-5A7529EF8B3D}.Ad-Hoc|iPhone.Deploy.0 = Debug|Any CPU
		{2B6A96E3-4FF3-41F6-BB64-5A7529EF8B3D}.Ad-Hoc|iPhoneSimulator.ActiveCfg = Debug|Any CPU
		{2B6A96E3-4FF3-41F6-BB64-5A7529EF8B3D}.Ad-Hoc|iPhoneSimulator.Build.0 = Debug|Any CPU
		{2B6A96E3-4FF3-41F6-BB64-5A7529EF8B3D}.Ad-Hoc|iPhoneSimulator.Deploy.0 = Debug|Any CPU
		{2B6A96E3-4FF3-41F6-BB64-5A7529EF8B3D}.AppStore|Any CPU.ActiveCfg = Debug|Any CPU
		{2B6A96E3-4FF3-41F6-BB64-5A7529EF8B3D}.AppStore|Any CPU.Build.0 = Debug|Any CPU
		{2B6A96E3-4FF3-41F6-BB64-5A7529EF8B3D}.AppStore|Any CPU.Deploy.0 = Debug|Any CPU
		{2B6A96E3-4FF3-41F6-BB64-5A7529EF8B3D}.AppStore|iPhone.ActiveCfg = Debug|Any CPU
		{2B6A96E3-4FF3-41F6-BB64-5A7529EF8B3D}.AppStore|iPhone.Build.0 = Debug|Any CPU
		{2B6A96E3-4FF3-41F6-BB64-5A7529EF8B3D}.AppStore|iPhone.Deploy.0 = Debug|Any CPU
		{2B6A96E3-4FF3-41F6-BB64-5A7529EF8B3D}.AppStore|iPhoneSimulator.ActiveCfg = Debug|Any CPU
		{2B6A96E3-4FF3-41F6-BB64-5A7529EF8B3D}.AppStore|iPhoneSimulator.Build.0 = Debug|Any CPU
		{2B6A96E3-4FF3-41F6-BB64-5A7529EF8B3D}.AppStore|iPhoneSimulator.Deploy.0 = Debug|Any CPU
		{2B6A96E3-4FF3-41F6-BB64-5A7529EF8B3D}.Debug|Any CPU.ActiveCfg = Debug|Any CPU
		{2B6A96E3-4FF3-41F6-BB64-5A7529EF8B3D}.Debug|Any CPU.Build.0 = Debug|Any CPU
		{2B6A96E3-4FF3-41F6-BB64-5A7529EF8B3D}.Debug|Any CPU.Deploy.0 = Debug|Any CPU
		{2B6A96E3-4FF3-41F6-BB64-5A7529EF8B3D}.Debug|iPhone.ActiveCfg = Debug|Any CPU
		{2B6A96E3-4FF3-41F6-BB64-5A7529EF8B3D}.Debug|iPhone.Build.0 = Debug|Any CPU
		{2B6A96E3-4FF3-41F6-BB64-5A7529EF8B3D}.Debug|iPhone.Deploy.0 = Debug|Any CPU
		{2B6A96E3-4FF3-41F6-BB64-5A7529EF8B3D}.Debug|iPhoneSimulator.ActiveCfg = Debug|Any CPU
		{2B6A96E3-4FF3-41F6-BB64-5A7529EF8B3D}.Debug|iPhoneSimulator.Build.0 = Debug|Any CPU
		{2B6A96E3-4FF3-41F6-BB64-5A7529EF8B3D}.Debug|iPhoneSimulator.Deploy.0 = Debug|Any CPU
		{2B6A96E3-4FF3-41F6-BB64-5A7529EF8B3D}.Release|Any CPU.ActiveCfg = Release|Any CPU
		{2B6A96E3-4FF3-41F6-BB64-5A7529EF8B3D}.Release|Any CPU.Build.0 = Release|Any CPU
		{2B6A96E3-4FF3-41F6-BB64-5A7529EF8B3D}.Release|Any CPU.Deploy.0 = Release|Any CPU
		{2B6A96E3-4FF3-41F6-BB64-5A7529EF8B3D}.Release|iPhone.ActiveCfg = Release|Any CPU
		{2B6A96E3-4FF3-41F6-BB64-5A7529EF8B3D}.Release|iPhone.Build.0 = Release|Any CPU
		{2B6A96E3-4FF3-41F6-BB64-5A7529EF8B3D}.Release|iPhone.Deploy.0 = Release|Any CPU
		{2B6A96E3-4FF3-41F6-BB64-5A7529EF8B3D}.Release|iPhoneSimulator.ActiveCfg = Release|Any CPU
		{2B6A96E3-4FF3-41F6-BB64-5A7529EF8B3D}.Release|iPhoneSimulator.Build.0 = Release|Any CPU
		{2B6A96E3-4FF3-41F6-BB64-5A7529EF8B3D}.Release|iPhoneSimulator.Deploy.0 = Release|Any CPU
		{50DADE31-CA86-4892-BFB1-0AC7F1D13375}.Ad-Hoc|Any CPU.ActiveCfg = Debug|Any CPU
		{50DADE31-CA86-4892-BFB1-0AC7F1D13375}.Ad-Hoc|Any CPU.Build.0 = Debug|Any CPU
		{50DADE31-CA86-4892-BFB1-0AC7F1D13375}.Ad-Hoc|iPhone.ActiveCfg = Debug|Any CPU
		{50DADE31-CA86-4892-BFB1-0AC7F1D13375}.Ad-Hoc|iPhone.Build.0 = Debug|Any CPU
		{50DADE31-CA86-4892-BFB1-0AC7F1D13375}.Ad-Hoc|iPhoneSimulator.ActiveCfg = Debug|Any CPU
		{50DADE31-CA86-4892-BFB1-0AC7F1D13375}.Ad-Hoc|iPhoneSimulator.Build.0 = Debug|Any CPU
		{50DADE31-CA86-4892-BFB1-0AC7F1D13375}.AppStore|Any CPU.ActiveCfg = Debug|Any CPU
		{50DADE31-CA86-4892-BFB1-0AC7F1D13375}.AppStore|Any CPU.Build.0 = Debug|Any CPU
		{50DADE31-CA86-4892-BFB1-0AC7F1D13375}.AppStore|iPhone.ActiveCfg = Debug|Any CPU
		{50DADE31-CA86-4892-BFB1-0AC7F1D13375}.AppStore|iPhone.Build.0 = Debug|Any CPU
		{50DADE31-CA86-4892-BFB1-0AC7F1D13375}.AppStore|iPhoneSimulator.ActiveCfg = Debug|Any CPU
		{50DADE31-CA86-4892-BFB1-0AC7F1D13375}.AppStore|iPhoneSimulator.Build.0 = Debug|Any CPU
		{50DADE31-CA86-4892-BFB1-0AC7F1D13375}.Debug|Any CPU.ActiveCfg = Debug|Any CPU
		{50DADE31-CA86-4892-BFB1-0AC7F1D13375}.Debug|Any CPU.Build.0 = Debug|Any CPU
		{50DADE31-CA86-4892-BFB1-0AC7F1D13375}.Debug|iPhone.ActiveCfg = Debug|Any CPU
		{50DADE31-CA86-4892-BFB1-0AC7F1D13375}.Debug|iPhone.Build.0 = Debug|Any CPU
		{50DADE31-CA86-4892-BFB1-0AC7F1D13375}.Debug|iPhoneSimulator.ActiveCfg = Debug|Any CPU
		{50DADE31-CA86-4892-BFB1-0AC7F1D13375}.Debug|iPhoneSimulator.Build.0 = Debug|Any CPU
		{50DADE31-CA86-4892-BFB1-0AC7F1D13375}.Release|Any CPU.ActiveCfg = Release|Any CPU
		{50DADE31-CA86-4892-BFB1-0AC7F1D13375}.Release|Any CPU.Build.0 = Release|Any CPU
		{50DADE31-CA86-4892-BFB1-0AC7F1D13375}.Release|iPhone.ActiveCfg = Release|Any CPU
		{50DADE31-CA86-4892-BFB1-0AC7F1D13375}.Release|iPhone.Build.0 = Release|Any CPU
		{50DADE31-CA86-4892-BFB1-0AC7F1D13375}.Release|iPhoneSimulator.ActiveCfg = Release|Any CPU
		{50DADE31-CA86-4892-BFB1-0AC7F1D13375}.Release|iPhoneSimulator.Build.0 = Release|Any CPU
		{0BB4CFB6-6379-4D9C-93EC-C160389B4241}.Ad-Hoc|Any CPU.ActiveCfg = Debug|Any CPU
		{0BB4CFB6-6379-4D9C-93EC-C160389B4241}.Ad-Hoc|Any CPU.Build.0 = Debug|Any CPU
		{0BB4CFB6-6379-4D9C-93EC-C160389B4241}.Ad-Hoc|iPhone.ActiveCfg = Debug|Any CPU
		{0BB4CFB6-6379-4D9C-93EC-C160389B4241}.Ad-Hoc|iPhone.Build.0 = Debug|Any CPU
		{0BB4CFB6-6379-4D9C-93EC-C160389B4241}.Ad-Hoc|iPhoneSimulator.ActiveCfg = Debug|Any CPU
		{0BB4CFB6-6379-4D9C-93EC-C160389B4241}.Ad-Hoc|iPhoneSimulator.Build.0 = Debug|Any CPU
		{0BB4CFB6-6379-4D9C-93EC-C160389B4241}.AppStore|Any CPU.ActiveCfg = Debug|Any CPU
		{0BB4CFB6-6379-4D9C-93EC-C160389B4241}.AppStore|Any CPU.Build.0 = Debug|Any CPU
		{0BB4CFB6-6379-4D9C-93EC-C160389B4241}.AppStore|iPhone.ActiveCfg = Debug|Any CPU
		{0BB4CFB6-6379-4D9C-93EC-C160389B4241}.AppStore|iPhone.Build.0 = Debug|Any CPU
		{0BB4CFB6-6379-4D9C-93EC-C160389B4241}.AppStore|iPhoneSimulator.ActiveCfg = Debug|Any CPU
		{0BB4CFB6-6379-4D9C-93EC-C160389B4241}.AppStore|iPhoneSimulator.Build.0 = Debug|Any CPU
		{0BB4CFB6-6379-4D9C-93EC-C160389B4241}.Debug|Any CPU.ActiveCfg = Debug|Any CPU
		{0BB4CFB6-6379-4D9C-93EC-C160389B4241}.Debug|Any CPU.Build.0 = Debug|Any CPU
		{0BB4CFB6-6379-4D9C-93EC-C160389B4241}.Debug|iPhone.ActiveCfg = Debug|Any CPU
		{0BB4CFB6-6379-4D9C-93EC-C160389B4241}.Debug|iPhone.Build.0 = Debug|Any CPU
		{0BB4CFB6-6379-4D9C-93EC-C160389B4241}.Debug|iPhoneSimulator.ActiveCfg = Debug|Any CPU
		{0BB4CFB6-6379-4D9C-93EC-C160389B4241}.Debug|iPhoneSimulator.Build.0 = Debug|Any CPU
		{0BB4CFB6-6379-4D9C-93EC-C160389B4241}.Release|Any CPU.ActiveCfg = Release|Any CPU
		{0BB4CFB6-6379-4D9C-93EC-C160389B4241}.Release|Any CPU.Build.0 = Release|Any CPU
		{0BB4CFB6-6379-4D9C-93EC-C160389B4241}.Release|iPhone.ActiveCfg = Release|Any CPU
		{0BB4CFB6-6379-4D9C-93EC-C160389B4241}.Release|iPhone.Build.0 = Release|Any CPU
		{0BB4CFB6-6379-4D9C-93EC-C160389B4241}.Release|iPhoneSimulator.ActiveCfg = Release|Any CPU
		{0BB4CFB6-6379-4D9C-93EC-C160389B4241}.Release|iPhoneSimulator.Build.0 = Release|Any CPU
		{4229E974-EA3F-43EC-B40B-079546862D47}.Ad-Hoc|Any CPU.ActiveCfg = Debug|Any CPU
		{4229E974-EA3F-43EC-B40B-079546862D47}.Ad-Hoc|Any CPU.Build.0 = Debug|Any CPU
		{4229E974-EA3F-43EC-B40B-079546862D47}.Ad-Hoc|iPhone.ActiveCfg = Debug|Any CPU
		{4229E974-EA3F-43EC-B40B-079546862D47}.Ad-Hoc|iPhone.Build.0 = Debug|Any CPU
		{4229E974-EA3F-43EC-B40B-079546862D47}.Ad-Hoc|iPhoneSimulator.ActiveCfg = Debug|Any CPU
		{4229E974-EA3F-43EC-B40B-079546862D47}.Ad-Hoc|iPhoneSimulator.Build.0 = Debug|Any CPU
		{4229E974-EA3F-43EC-B40B-079546862D47}.AppStore|Any CPU.ActiveCfg = Debug|Any CPU
		{4229E974-EA3F-43EC-B40B-079546862D47}.AppStore|Any CPU.Build.0 = Debug|Any CPU
		{4229E974-EA3F-43EC-B40B-079546862D47}.AppStore|iPhone.ActiveCfg = Debug|Any CPU
		{4229E974-EA3F-43EC-B40B-079546862D47}.AppStore|iPhone.Build.0 = Debug|Any CPU
		{4229E974-EA3F-43EC-B40B-079546862D47}.AppStore|iPhoneSimulator.ActiveCfg = Debug|Any CPU
		{4229E974-EA3F-43EC-B40B-079546862D47}.AppStore|iPhoneSimulator.Build.0 = Debug|Any CPU
		{4229E974-EA3F-43EC-B40B-079546862D47}.Debug|Any CPU.ActiveCfg = Debug|Any CPU
		{4229E974-EA3F-43EC-B40B-079546862D47}.Debug|Any CPU.Build.0 = Debug|Any CPU
		{4229E974-EA3F-43EC-B40B-079546862D47}.Debug|iPhone.ActiveCfg = Debug|Any CPU
		{4229E974-EA3F-43EC-B40B-079546862D47}.Debug|iPhone.Build.0 = Debug|Any CPU
		{4229E974-EA3F-43EC-B40B-079546862D47}.Debug|iPhoneSimulator.ActiveCfg = Debug|Any CPU
		{4229E974-EA3F-43EC-B40B-079546862D47}.Debug|iPhoneSimulator.Build.0 = Debug|Any CPU
		{4229E974-EA3F-43EC-B40B-079546862D47}.Release|Any CPU.ActiveCfg = Release|Any CPU
		{4229E974-EA3F-43EC-B40B-079546862D47}.Release|Any CPU.Build.0 = Release|Any CPU
		{4229E974-EA3F-43EC-B40B-079546862D47}.Release|iPhone.ActiveCfg = Release|Any CPU
		{4229E974-EA3F-43EC-B40B-079546862D47}.Release|iPhone.Build.0 = Release|Any CPU
		{4229E974-EA3F-43EC-B40B-079546862D47}.Release|iPhoneSimulator.ActiveCfg = Release|Any CPU
		{4229E974-EA3F-43EC-B40B-079546862D47}.Release|iPhoneSimulator.Build.0 = Release|Any CPU
		{84574381-4801-4EC6-AAFA-1A70563AF5BA}.Ad-Hoc|Any CPU.ActiveCfg = Debug|Any CPU
		{84574381-4801-4EC6-AAFA-1A70563AF5BA}.Ad-Hoc|Any CPU.Build.0 = Debug|Any CPU
		{84574381-4801-4EC6-AAFA-1A70563AF5BA}.Ad-Hoc|iPhone.ActiveCfg = Debug|Any CPU
		{84574381-4801-4EC6-AAFA-1A70563AF5BA}.Ad-Hoc|iPhone.Build.0 = Debug|Any CPU
		{84574381-4801-4EC6-AAFA-1A70563AF5BA}.Ad-Hoc|iPhoneSimulator.ActiveCfg = Debug|Any CPU
		{84574381-4801-4EC6-AAFA-1A70563AF5BA}.Ad-Hoc|iPhoneSimulator.Build.0 = Debug|Any CPU
		{84574381-4801-4EC6-AAFA-1A70563AF5BA}.AppStore|Any CPU.ActiveCfg = Debug|Any CPU
		{84574381-4801-4EC6-AAFA-1A70563AF5BA}.AppStore|Any CPU.Build.0 = Debug|Any CPU
		{84574381-4801-4EC6-AAFA-1A70563AF5BA}.AppStore|iPhone.ActiveCfg = Debug|Any CPU
		{84574381-4801-4EC6-AAFA-1A70563AF5BA}.AppStore|iPhone.Build.0 = Debug|Any CPU
		{84574381-4801-4EC6-AAFA-1A70563AF5BA}.AppStore|iPhoneSimulator.ActiveCfg = Debug|Any CPU
		{84574381-4801-4EC6-AAFA-1A70563AF5BA}.AppStore|iPhoneSimulator.Build.0 = Debug|Any CPU
		{84574381-4801-4EC6-AAFA-1A70563AF5BA}.Debug|Any CPU.ActiveCfg = Debug|Any CPU
		{84574381-4801-4EC6-AAFA-1A70563AF5BA}.Debug|Any CPU.Build.0 = Debug|Any CPU
		{84574381-4801-4EC6-AAFA-1A70563AF5BA}.Debug|iPhone.ActiveCfg = Debug|Any CPU
		{84574381-4801-4EC6-AAFA-1A70563AF5BA}.Debug|iPhone.Build.0 = Debug|Any CPU
		{84574381-4801-4EC6-AAFA-1A70563AF5BA}.Debug|iPhoneSimulator.ActiveCfg = Debug|Any CPU
		{84574381-4801-4EC6-AAFA-1A70563AF5BA}.Debug|iPhoneSimulator.Build.0 = Debug|Any CPU
		{84574381-4801-4EC6-AAFA-1A70563AF5BA}.Release|Any CPU.ActiveCfg = Release|Any CPU
		{84574381-4801-4EC6-AAFA-1A70563AF5BA}.Release|Any CPU.Build.0 = Release|Any CPU
		{84574381-4801-4EC6-AAFA-1A70563AF5BA}.Release|iPhone.ActiveCfg = Release|Any CPU
		{84574381-4801-4EC6-AAFA-1A70563AF5BA}.Release|iPhone.Build.0 = Release|Any CPU
		{84574381-4801-4EC6-AAFA-1A70563AF5BA}.Release|iPhoneSimulator.ActiveCfg = Release|Any CPU
		{84574381-4801-4EC6-AAFA-1A70563AF5BA}.Release|iPhoneSimulator.Build.0 = Release|Any CPU
	EndGlobalSection
	GlobalSection(SolutionProperties) = preSolution
		HideSolutionNode = FALSE
	EndGlobalSection
	GlobalSection(ExtensibilityGlobals) = postSolution
		SolutionGuid = {82058E6E-E66D-41E0-B7D8-077ECF159C8F}
	EndGlobalSection
EndGlobal
